
Microsoft Visual Studio Solution File, Format Version 12.00
# Visual Studio Version 16
VisualStudioVersion = 16.0.29519.87
MinimumVisualStudioVersion = 10.0.40219.1
Project("{FAE04EC0-301F-11D3-BF4B-00C04F79EFBC}") = "TrainSimulator", "TrainSimulator\TrainSimulator.csproj", "{9740B18B-6410-4998-A71A-BAD421D61708}"
EndProject
Global
	GlobalSection(SolutionConfigurationPlatforms) = preSolution
		Debug|Any CPU = Debug|Any CPU
		Release|Any CPU = Release|Any CPU
	EndGlobalSection
	GlobalSection(ProjectConfigurationPlatforms) = postSolution
		{9740B18B-6410-4998-A71A-BAD421D61708}.Debug|Any CPU.ActiveCfg = Debug|Any CPU
		{9740B18B-6410-4998-A71A-BAD421D61708}.Debug|Any CPU.Build.0 = Debug|Any CPU
		{9740B18B-6410-4998-A71A-BAD421D61708}.Release|Any CPU.ActiveCfg = Release|Any CPU
		{9740B18B-6410-4998-A71A-BAD421D61708}.Release|Any CPU.Build.0 = Release|Any CPU
	EndGlobalSection
	GlobalSection(SolutionProperties) = preSolution
		HideSolutionNode = FALSE
	EndGlobalSection
	GlobalSection(ExtensibilityGlobals) = postSolution
		SolutionGuid = {EC6BC437-3D3B-49C5-92E1-4B99E1B46281}
	EndGlobalSection
EndGlobal
